{
  "pins" : [
    {
      "identity" : "mycrocastswiftwebrtc",
      "kind" : "remoteSourceControl",
      "location" : "https://github.com/mycrocast/mycrocastSwiftWebRTC.git",
      "state" : {
        "revision" : "064499468ab672f7f1aad11fc018dd2ae88a43ed",
        "version" : "1.0.1"
      }
    }
  ],
  "version" : 2
}
